
Microsoft Visual Studio Solution File, Format Version 12.00
# Visual Studio Version 17
VisualStudioVersion = 17.2.32630.192
MinimumVisualStudioVersion = 10.0.40219.1
Project("{FAE04EC0-301F-11D3-BF4B-00C04F79EFBC}") = "CreditCards", "CreditCards.csproj", "{78E957A6-F801-4FAE-96B8-E55176564762}"
EndProject
Global
	GlobalSection(SolutionConfigurationPlatforms) = preSolution
		Debug|Any CPU = Debug|Any CPU
		Release|Any CPU = Release|Any CPU
	EndGlobalSection
	GlobalSection(ProjectConfigurationPlatforms) = postSolution
		{78E957A6-F801-4FAE-96B8-E55176564762}.Debug|Any CPU.ActiveCfg = Debug|Any CPU
		{78E957A6-F801-4FAE-96B8-E55176564762}.Debug|Any CPU.Build.0 = Debug|Any CPU
		{78E957A6-F801-4FAE-96B8-E55176564762}.Release|Any CPU.ActiveCfg = Release|Any CPU
		{78E957A6-F801-4FAE-96B8-E55176564762}.Release|Any CPU.Build.0 = Release|Any CPU
	EndGlobalSection
	GlobalSection(SolutionProperties) = preSolution
		HideSolutionNode = FALSE
	EndGlobalSection
	GlobalSection(ExtensibilityGlobals) = postSolution
		SolutionGuid = {DF05D7A0-72B8-490D-A37E-8600EE8760A3}
	EndGlobalSection
EndGlobal
